{
  "nodes": {
    "nixpkgs": {
      "locked": {
        "lastModified": 1648681053,
        "narHash": "sha256-yUgawhziPzeFSWWHfuUdEOZDNd0xMM31M3QH7heDMqQ=",
        "owner": "NixOS",
        "repo": "nixpkgs",
        "rev": "ae2ad5ee8086612022493e3f97b1b3782f6e41b8",
        "type": "github"
      },
      "original": {
        "id": "nixpkgs",
        "type": "indirect"
      }
    },
    "root": {
      "inputs": {
        "nixpkgs": "nixpkgs"
      }
    }
  },
  "root": "root",
  "version": 7
}
